// !$*UTF8*$!
{
	archiveVersion = 1;
	classes = {
	};
	objectVersion = 50;
	objects = {

/* Begin PBXBuildFile section */
		04810E18233EA0B2009D3769 /* Jokes+CoreDataClass.swift in Sources */ = {isa = PBXBuildFile; fileRef = 04810E16233EA0B2009D3769 /* Jokes+CoreDataClass.swift */; };
		04810E19233EA0B2009D3769 /* Jokes+CoreDataProperties.swift in Sources */ = {isa = PBXBuildFile; fileRef = 04810E17233EA0B2009D3769 /* Jokes+CoreDataProperties.swift */; };
		04810E1B233EA131009D3769 /* CoreDataManager.swift in Sources */ = {isa = PBXBuildFile; fileRef = 04810E1A233EA131009D3769 /* CoreDataManager.swift */; };
		04F3226A233E840900C933CB /* AppDelegate.swift in Sources */ = {isa = PBXBuildFile; fileRef = 04F32269233E840900C933CB /* AppDelegate.swift */; };
		04F3226C233E840900C933CB /* SceneDelegate.swift in Sources */ = {isa = PBXBuildFile; fileRef = 04F3226B233E840900C933CB /* SceneDelegate.swift */; };
		04F3226E233E840900C933CB /* ViewController.swift in Sources */ = {isa = PBXBuildFile; fileRef = 04F3226D233E840900C933CB /* ViewController.swift */; };
		04F32271233E840900C933CB /* Main.storyboard in Resources */ = {isa = PBXBuildFile; fileRef = 04F3226F233E840900C933CB /* Main.storyboard */; };
		04F32273233E840F00C933CB /* Assets.xcassets in Resources */ = {isa = PBXBuildFile; fileRef = 04F32272233E840F00C933CB /* Assets.xcassets */; };
		04F32276233E840F00C933CB /* LaunchScreen.storyboard in Resources */ = {isa = PBXBuildFile; fileRef = 04F32274233E840F00C933CB /* LaunchScreen.storyboard */; };
		04F3227F233E8E7500C933CB /* TableViewCell.swift in Sources */ = {isa = PBXBuildFile; fileRef = 04F3227D233E8E7500C933CB /* TableViewCell.swift */; };
		04F32280233E8E7500C933CB /* TableViewCell.xib in Resources */ = {isa = PBXBuildFile; fileRef = 04F3227E233E8E7500C933CB /* TableViewCell.xib */; };
		04F32283233E9A4500C933CB /* JokesModel.xcdatamodeld in Sources */ = {isa = PBXBuildFile; fileRef = 04F32281233E9A4500C933CB /* JokesModel.xcdatamodeld */; };
/* End PBXBuildFile section */

/* Begin PBXFileReference section */
		04810E16233EA0B2009D3769 /* Jokes+CoreDataClass.swift */ = {isa = PBXFileReference; lastKnownFileType = sourcecode.swift; path = "Jokes+CoreDataClass.swift"; sourceTree = "<group>"; };
		04810E17233EA0B2009D3769 /* Jokes+CoreDataProperties.swift */ = {isa = PBXFileReference; lastKnownFileType = sourcecode.swift; path = "Jokes+CoreDataProperties.swift"; sourceTree = "<group>"; };
		04810E1A233EA131009D3769 /* CoreDataManager.swift */ = {isa = PBXFileReference; lastKnownFileType = sourcecode.swift; path = CoreDataManager.swift; sourceTree = "<group>"; };
		04F32266233E840900C933CB /* Jokes.app */ = {isa = PBXFileReference; explicitFileType = wrapper.application; includeInIndex = 0; path = Jokes.app; sourceTree = BUILT_PRODUCTS_DIR; };
		04F32269233E840900C933CB /* AppDelegate.swift */ = {isa = PBXFileReference; lastKnownFileType = sourcecode.swift; path = AppDelegate.swift; sourceTree = "<group>"; };
		04F3226B233E840900C933CB /* SceneDelegate.swift */ = {isa = PBXFileReference; lastKnownFileType = sourcecode.swift; path = SceneDelegate.swift; sourceTree = "<group>"; };
		04F3226D233E840900C933CB /* ViewController.swift */ = {isa = PBXFileReference; lastKnownFileType = sourcecode.swift; path = ViewController.swift; sourceTree = "<group>"; };
		04F32270233E840900C933CB /* Base */ = {isa = PBXFileReference; lastKnownFileType = file.storyboard; name = Base; path = Base.lproj/Main.storyboard; sourceTree = "<group>"; };
		04F32272233E840F00C933CB /* Assets.xcassets */ = {isa = PBXFileReference; lastKnownFileType = folder.assetcatalog; path = Assets.xcassets; sourceTree = "<group>"; };
		04F32275233E840F00C933CB /* Base */ = {isa = PBXFileReference; lastKnownFileType = file.storyboard; name = Base; path = Base.lproj/LaunchScreen.storyboard; sourceTree = "<group>"; };
		04F32277233E840F00C933CB /* Info.plist */ = {isa = PBXFileReference; lastKnownFileType = text.plist.xml; path = Info.plist; sourceTree = "<group>"; };
		04F3227D233E8E7500C933CB /* TableViewCell.swift */ = {isa = PBXFileReference; lastKnownFileType = sourcecode.swift; path = TableViewCell.swift; sourceTree = "<group>"; };
		04F3227E233E8E7500C933CB /* TableViewCell.xib */ = {isa = PBXFileReference; lastKnownFileType = file.xib; path = TableViewCell.xib; sourceTree = "<group>"; };
		04F32282233E9A4500C933CB /* JokesModel.xcdatamodel */ = {isa = PBXFileReference; lastKnownFileType = wrapper.xcdatamodel; path = JokesModel.xcdatamodel; sourceTree = "<group>"; };
/* End PBXFileReference section */

/* Begin PBXFrameworksBuildPhase section */
		04F32263233E840900C933CB /* Frameworks */ = {
			isa = PBXFrameworksBuildPhase;
			buildActionMask = 2147483647;
			files = (
			);
			runOnlyForDeploymentPostprocessing = 0;
		};
/* End PBXFrameworksBuildPhase section */

/* Begin PBXGroup section */
		04F3225D233E840900C933CB = {
			isa = PBXGroup;
			children = (
				04F32268233E840900C933CB /* Jokes */,
				04F32267233E840900C933CB /* Products */,
			);
			sourceTree = "<group>";
		};
		04F32267233E840900C933CB /* Products */ = {
			isa = PBXGroup;
			children = (
				04F32266233E840900C933CB /* Jokes.app */,
			);
			name = Products;
			sourceTree = "<group>";
		};
		04F32268233E840900C933CB /* Jokes */ = {
			isa = PBXGroup;
			children = (
				04810E16233EA0B2009D3769 /* Jokes+CoreDataClass.swift */,
				04810E1A233EA131009D3769 /* CoreDataManager.swift */,
				04810E17233EA0B2009D3769 /* Jokes+CoreDataProperties.swift */,
				04F32269233E840900C933CB /* AppDelegate.swift */,
				04F3226B233E840900C933CB /* SceneDelegate.swift */,
				04F3226D233E840900C933CB /* ViewController.swift */,
				04F32281233E9A4500C933CB /* JokesModel.xcdatamodeld */,
				04F3227D233E8E7500C933CB /* TableViewCell.swift */,
				04F3227E233E8E7500C933CB /* TableViewCell.xib */,
				04F3226F233E840900C933CB /* Main.storyboard */,
				04F32272233E840F00C933CB /* Assets.xcassets */,
				04F32274233E840F00C933CB /* LaunchScreen.storyboard */,
				04F32277233E840F00C933CB /* Info.plist */,
			);
			path = Jokes;
			sourceTree = "<group>";
		};
/* End PBXGroup section */

/* Begin PBXNativeTarget section */
		04F32265233E840900C933CB /* Jokes */ = {
			isa = PBXNativeTarget;
			buildConfigurationList = 04F3227A233E840F00C933CB /* Build configuration list for PBXNativeTarget "Jokes" */;
			buildPhases = (
				04F32262233E840900C933CB /* Sources */,
				04F32263233E840900C933CB /* Frameworks */,
				04F32264233E840900C933CB /* Resources */,
			);
			buildRules = (
			);
			dependencies = (
			);
			name = Jokes;
			productName = Jokes;
			productReference = 04F32266233E840900C933CB /* Jokes.app */;
			productType = "com.apple.product-type.application";
		};
/* End PBXNativeTarget section */

/* Begin PBXProject section */
		04F3225E233E840900C933CB /* Project object */ = {
			isa = PBXProject;
			attributes = {
				LastSwiftUpdateCheck = 1100;
				LastUpgradeCheck = 1100;
				ORGANIZATIONNAME = MCS;
				TargetAttributes = {
					04F32265233E840900C933CB = {
						CreatedOnToolsVersion = 11.0;
					};
				};
			};
			buildConfigurationList = 04F32261233E840900C933CB /* Build configuration list for PBXProject "Jokes" */;
			compatibilityVersion = "Xcode 9.3";
			developmentRegion = en;
			hasScannedForEncodings = 0;
			knownRegions = (
				en,
				Base,
			);
			mainGroup = 04F3225D233E840900C933CB;
			productRefGroup = 04F32267233E840900C933CB /* Products */;
			projectDirPath = "";
			projectRoot = "";
			targets = (
				04F32265233E840900C933CB /* Jokes */,
			);
		};
/* End PBXProject section */

/* Begin PBXResourcesBuildPhase section */
		04F32264233E840900C933CB /* Resources */ = {
			isa = PBXResourcesBuildPhase;
			buildActionMask = 2147483647;
			files = (
				04F32276233E840F00C933CB /* LaunchScreen.storyboard in Resources */,
				04F32280233E8E7500C933CB /* TableViewCell.xib in Resources */,
				04F32273233E840F00C933CB /* Assets.xcassets in Resources */,
				04F32271233E840900C933CB /* Main.storyboard in Resources */,
			);
			runOnlyForDeploymentPostprocessing = 0;
		};
/* End PBXResourcesBuildPhase section */

/* Begin PBXSourcesBuildPhase section */
		04F32262233E840900C933CB /* Sources */ = {
			isa = PBXSourcesBuildPhase;
			buildActionMask = 2147483647;
			files = (
				04810E19233EA0B2009D3769 /* Jokes+CoreDataProperties.swift in Sources */,
				04810E18233EA0B2009D3769 /* Jokes+CoreDataClass.swift in Sources */,
				04F3226E233E840900C933CB /* ViewController.swift in Sources */,
				04F3227F233E8E7500C933CB /* TableViewCell.swift in Sources */,
				04F3226A233E840900C933CB /* AppDelegate.swift in Sources */,
				04F32283233E9A4500C933CB /* JokesModel.xcdatamodeld in Sources */,
				04810E1B233EA131009D3769 /* CoreDataManager.swift in Sources */,
				04F3226C233E840900C933CB /* SceneDelegate.swift in Sources */,
			);
			runOnlyForDeploymentPostprocessing = 0;
		};
/* End PBXSourcesBuildPhase section */

/* Begin PBXVariantGroup section */
		04F3226F233E840900C933CB /* Main.storyboard */ = {
			isa = PBXVariantGroup;
			children = (
				04F32270233E840900C933CB /* Base */,
			);
			name = Main.storyboard;
			sourceTree = "<group>";
		};
		04F32274233E840F00C933CB /* LaunchScreen.storyboard */ = {
			isa = PBXVariantGroup;
			children = (
				04F32275233E840F00C933CB /* Base */,
			);
			name = LaunchScreen.storyboard;
			sourceTree = "<group>";
		};
/* End PBXVariantGroup section */

/* Begin XCBuildConfiguration section */
		04F32278233E840F00C933CB /* Debug */ = {
			isa = XCBuildConfiguration;
			buildSettings = {
				ALWAYS_SEARCH_USER_PATHS = NO;
				CLANG_ANALYZER_NONNULL = YES;
				CLANG_ANALYZER_NUMBER_OBJECT_CONVERSION = YES_AGGRESSIVE;
				CLANG_CXX_LANGUAGE_STANDARD = "gnu++14";
				CLANG_CXX_LIBRARY = "libc++";
				CLANG_ENABLE_MODULES = YES;
				CLANG_ENABLE_OBJC_ARC = YES;
				CLANG_ENABLE_OBJC_WEAK = YES;
				CLANG_WARN_BLOCK_CAPTURE_AUTORELEASING = YES;
				CLANG_WARN_BOOL_CONVERSION = YES;
				CLANG_WARN_COMMA = YES;
				CLANG_WARN_CONSTANT_CONVERSION = YES;
				CLANG_WARN_DEPRECATED_OBJC_IMPLEMENTATIONS = YES;
				CLANG_WARN_DIRECT_OBJC_ISA_USAGE = YES_ERROR;
				CLANG_WARN_DOCUMENTATION_COMMENTS = YES;
				CLANG_WARN_EMPTY_BODY = YES;
				CLANG_WARN_ENUM_CONVERSION = YES;
				CLANG_WARN_INFINITE_RECURSION = YES;
				CLANG_WARN_INT_CONVERSION = YES;
				CLANG_WARN_NON_LITERAL_NULL_CONVERSION = YES;
				CLANG_WARN_OBJC_IMPLICIT_RETAIN_SELF = YES;
				CLANG_WARN_OBJC_LITERAL_CONVERSION = YES;
				CLANG_WARN_OBJC_ROOT_CLASS = YES_ERROR;
				CLANG_WARN_RANGE_LOOP_ANALYSIS = YES;
				CLANG_WARN_STRICT_PROTOTYPES = YES;
				CLANG_WARN_SUSPICIOUS_MOVE = YES;
				CLANG_WARN_UNGUARDED_AVAILABILITY = YES_AGGRESSIVE;
				CLANG_WARN_UNREACHABLE_CODE = YES;
				CLANG_WARN__DUPLICATE_METHOD_MATCH = YES;
				COPY_PHASE_STRIP = NO;
				DEBUG_INFORMATION_FORMAT = dwarf;
				ENABLE_STRICT_OBJC_MSGSEND = YES;
				ENABLE_TESTABILITY = YES;
				GCC_C_LANGUAGE_STANDARD = gnu11;
				GCC_DYNAMIC_NO_PIC = NO;
				GCC_NO_COMMON_BLOCKS = YES;
				GCC_OPTIMIZATION_LEVEL = 0;
				GCC_PREPROCESSOR_DEFINITIONS = (
					"DEBUG=1",
					"$(inherited)",
				);
				GCC_WARN_64_TO_32_BIT_CONVERSION = YES;
				GCC_WARN_ABOUT_RETURN_TYPE = YES_ERROR;
				GCC_WARN_UNDECLARED_SELECTOR = YES;
				GCC_WARN_UNINITIALIZED_AUTOS = YES_AGGRESSIVE;
				GCC_WARN_UNUSED_FUNCTION = YES;
				GCC_WARN_UNUSED_VARIABLE = YES;
				IPHONEOS_DEPLOYMENT_TARGET = 13.0;
				MTL_ENABLE_DEBUG_INFO = INCLUDE_SOURCE;
				MTL_FAST_MATH = YES;
				ONLY_ACTIVE_ARCH = YES;
				SDKROOT = iphoneos;
				SWIFT_ACTIVE_COMPILATION_CONDITIONS = DEBUG;
				SWIFT_OPTIMIZATION_LEVEL = "-Onone";
			};
			name = Debug;
		};
		04F32279233E840F00C933CB /* Release */ = {
			isa = XCBuildConfiguration;
			buildSettings = {
				ALWAYS_SEARCH_USER_PATHS = NO;
				CLANG_ANALYZER_NONNULL = YES;
				CLANG_ANALYZER_NUMBER_OBJECT_CONVERSION = YES_AGGRESSIVE;
				CLANG_CXX_LANGUAGE_STANDARD = "gnu++14";
				CLANG_CXX_LIBRARY = "libc++";
				CLANG_ENABLE_MODULES = YES;
				CLANG_ENABLE_OBJC_ARC = YES;
				CLANG_ENABLE_OBJC_WEAK = YES;
				CLANG_WARN_BLOCK_CAPTURE_AUTORELEASING = YES;
				CLANG_WARN_BOOL_CONVERSION = YES;
				CLANG_WARN_COMMA = YES;
				CLANG_WARN_CONSTANT_CONVERSION = YES;
				CLANG_WARN_DEPRECATED_OBJC_IMPLEMENTATIONS = YES;
				CLANG_WARN_DIRECT_OBJC_ISA_USAGE = YES_ERROR;
				CLANG_WARN_DOCUMENTATION_COMMENTS = YES;
				CLANG_WARN_EMPTY_BODY = YES;
				CLANG_WARN_ENUM_CONVERSION = YES;
				CLANG_WARN_INFINITE_RECURSION = YES;
				CLANG_WARN_INT_CONVERSION = YES;
				CLANG_WARN_NON_LITERAL_NULL_CONVERSION = YES;
				CLANG_WARN_OBJC_IMPLICIT_RETAIN_SELF = YES;
				CLANG_WARN_OBJC_LITERAL_CONVERSION = YES;
				CLANG_WARN_OBJC_ROOT_CLASS = YES_ERROR;
				CLANG_WARN_RANGE_LOOP_ANALYSIS = YES;
				CLANG_WARN_STRICT_PROTOTYPES = YES;
				CLANG_WARN_SUSPICIOUS_MOVE = YES;
				CLANG_WARN_UNGUARDED_AVAILABILITY = YES_AGGRESSIVE;
				CLANG_WARN_UNREACHABLE_CODE = YES;
				CLANG_WARN__DUPLICATE_METHOD_MATCH = YES;
				COPY_PHASE_STRIP = NO;
				DEBUG_INFORMATION_FORMAT = "dwarf-with-dsym";
				ENABLE_NS_ASSERTIONS = NO;
				ENABLE_STRICT_OBJC_MSGSEND = YES;
				GCC_C_LANGUAGE_STANDARD = gnu11;
				GCC_NO_COMMON_BLOCKS = YES;
				GCC_WARN_64_TO_32_BIT_CONVERSION = YES;
				GCC_WARN_ABOUT_RETURN_TYPE = YES_ERROR;
				GCC_WARN_UNDECLARED_SELECTOR = YES;
				GCC_WARN_UNINITIALIZED_AUTOS = YES_AGGRESSIVE;
				GCC_WARN_UNUSED_FUNCTION = YES;
				GCC_WARN_UNUSED_VARIABLE = YES;
				IPHONEOS_DEPLOYMENT_TARGET = 13.0;
				MTL_ENABLE_DEBUG_INFO = NO;
				MTL_FAST_MATH = YES;
				SDKROOT = iphoneos;
				SWIFT_COMPILATION_MODE = wholemodule;
				SWIFT_OPTIMIZATION_LEVEL = "-O";
				VALIDATE_PRODUCT = YES;
			};
			name = Release;
		};
		04F3227B233E840F00C933CB /* Debug */ = {
			isa = XCBuildConfiguration;
			buildSettings = {
				ASSETCATALOG_COMPILER_APPICON_NAME = AppIcon;
				CODE_SIGN_STYLE = Automatic;
				INFOPLIST_FILE = Jokes/Info.plist;
				LD_RUNPATH_SEARCH_PATHS = (
					"$(inherited)",
					"@executable_path/Frameworks",
				);
				PRODUCT_BUNDLE_IDENTIFIER = www.Jokes;
				PRODUCT_NAME = "$(TARGET_NAME)";
				SWIFT_VERSION = 5.0;
				TARGETED_DEVICE_FAMILY = "1,2";
			};
			name = Debug;
		};
		04F3227C233E840F00C933CB /* Release */ = {
			isa = XCBuildConfiguration;
			buildSettings = {
				ASSETCATALOG_COMPILER_APPICON_NAME = AppIcon;
				CODE_SIGN_STYLE = Automatic;
				INFOPLIST_FILE = Jokes/Info.plist;
				LD_RUNPATH_SEARCH_PATHS = (
					"$(inherited)",
					"@executable_path/Frameworks",
				);
				PRODUCT_BUNDLE_IDENTIFIER = www.Jokes;
				PRODUCT_NAME = "$(TARGET_NAME)";
				SWIFT_VERSION = 5.0;
				TARGETED_DEVICE_FAMILY = "1,2";
			};
			name = Release;
		};
/* End XCBuildConfiguration section */

/* Begin XCConfigurationList section */
		04F32261233E840900C933CB /* Build configuration list for PBXProject "Jokes" */ = {
			isa = XCConfigurationList;
			buildConfigurations = (
				04F32278233E840F00C933CB /* Debug */,
				04F32279233E840F00C933CB /* Release */,
			);
			defaultConfigurationIsVisible = 0;
			defaultConfigurationName = Release;
		};
		04F3227A233E840F00C933CB /* Build configuration list for PBXNativeTarget "Jokes" */ = {
			isa = XCConfigurationList;
			buildConfigurations = (
				04F3227B233E840F00C933CB /* Debug */,
				04F3227C233E840F00C933CB /* Release */,
			);
			defaultConfigurationIsVisible = 0;
			defaultConfigurationName = Release;
		};
/* End XCConfigurationList section */

/* Begin XCVersionGroup section */
		04F32281233E9A4500C933CB /* JokesModel.xcdatamodeld */ = {
			isa = XCVersionGroup;
			children = (
				04F32282233E9A4500C933CB /* JokesModel.xcdatamodel */,
			);
			currentVersion = 04F32282233E9A4500C933CB /* JokesModel.xcdatamodel */;
			path = JokesModel.xcdatamodeld;
			sourceTree = "<group>";
			versionGroupType = wrapper.xcdatamodel;
		};
/* End XCVersionGroup section */
	};
	rootObject = 04F3225E233E840900C933CB /* Project object */;
}
